
Microsoft Visual Studio Solution File, Format Version 12.00
# Visual Studio 15
VisualStudioVersion = 15.0.28307.438
MinimumVisualStudioVersion = 10.0.40219.1
Project("{8BC9CEB8-8B4A-11D0-8D11-00A0C91BC942}") = "0710028_陳敬諺", "0710028_陳敬諺\0710028_陳敬諺.vcxproj", "{D5326957-C3F3-4BDC-9B9B-4BE726F4AA66}"
EndProject
Global
	GlobalSection(SolutionConfigurationPlatforms) = preSolution
		Debug|x64 = Debug|x64
		Debug|x86 = Debug|x86
		Release|x64 = Release|x64
		Release|x86 = Release|x86
	EndGlobalSection
	GlobalSection(ProjectConfigurationPlatforms) = postSolution
		{D5326957-C3F3-4BDC-9B9B-4BE726F4AA66}.Debug|x64.ActiveCfg = Debug|x64
		{D5326957-C3F3-4BDC-9B9B-4BE726F4AA66}.Debug|x64.Build.0 = Debug|x64
		{D5326957-C3F3-4BDC-9B9B-4BE726F4AA66}.Debug|x86.ActiveCfg = Debug|Win32
		{D5326957-C3F3-4BDC-9B9B-4BE726F4AA66}.Debug|x86.Build.0 = Debug|Win32
		{D5326957-C3F3-4BDC-9B9B-4BE726F4AA66}.Release|x64.ActiveCfg = Release|x64
		{D5326957-C3F3-4BDC-9B9B-4BE726F4AA66}.Release|x64.Build.0 = Release|x64
		{D5326957-C3F3-4BDC-9B9B-4BE726F4AA66}.Release|x86.ActiveCfg = Release|Win32
		{D5326957-C3F3-4BDC-9B9B-4BE726F4AA66}.Release|x86.Build.0 = Release|Win32
	EndGlobalSection
	GlobalSection(SolutionProperties) = preSolution
		HideSolutionNode = FALSE
	EndGlobalSection
	GlobalSection(ExtensibilityGlobals) = postSolution
		SolutionGuid = {E06C3099-872C-4E3D-8A07-37C0A9991A3E}
	EndGlobalSection
EndGlobal
